
Microsoft Visual Studio Solution File, Format Version 12.00
Project("{FAE04EC0-301F-11D3-BF4B-00C04F79EFBC}") = "Funtar", "Funtar\Funtar.csproj", "{1D482694-9FAB-46C3-A748-A615A67F9754}"
EndProject
Global
	GlobalSection(SolutionConfigurationPlatforms) = preSolution
		Debug|Any CPU = Debug|Any CPU
		Release|Any CPU = Release|Any CPU
	EndGlobalSection
	GlobalSection(ProjectConfigurationPlatforms) = postSolution
		{1D482694-9FAB-46C3-A748-A615A67F9754}.Debug|Any CPU.ActiveCfg = Debug|Any CPU
		{1D482694-9FAB-46C3-A748-A615A67F9754}.Debug|Any CPU.Build.0 = Debug|Any CPU
		{1D482694-9FAB-46C3-A748-A615A67F9754}.Release|Any CPU.ActiveCfg = Release|Any CPU
		{1D482694-9FAB-46C3-A748-A615A67F9754}.Release|Any CPU.Build.0 = Release|Any CPU
	EndGlobalSection
EndGlobal
